// !$*UTF8*$!
{
	archiveVersion = 1;
	classes = {
	};
	objectVersion = 77;
	objects = {

/* Begin PBXContainerItemProxy section */
		F330AA512D05410900D3D2A3 /* PBXContainerItemProxy */ = {
			isa = PBXContainerItemProxy;
			containerPortal = F330AA322D05410800D3D2A3 /* Project object */;
			proxyType = 1;
			remoteGlobalIDString = F330AA392D05410800D3D2A3;
			remoteInfo = Warikan;
		};
		F330AA5B2D05410900D3D2A3 /* PBXContainerItemProxy */ = {
			isa = PBXContainerItemProxy;
			containerPortal = F330AA322D05410800D3D2A3 /* Project object */;
			proxyType = 1;
			remoteGlobalIDString = F330AA392D05410800D3D2A3;
			remoteInfo = Warikan;
		};
/* End PBXContainerItemProxy section */

/* Begin PBXFileReference section */
		F330AA3A2D05410800D3D2A3 /* Warikan.app */ = {isa = PBXFileReference; explicitFileType = wrapper.application; includeInIndex = 0; path = Warikan.app; sourceTree = BUILT_PRODUCTS_DIR; };
		F330AA502D05410900D3D2A3 /* WarikanTests.xctest */ = {isa = PBXFileReference; explicitFileType = wrapper.cfbundle; includeInIndex = 0; path = WarikanTests.xctest; sourceTree = BUILT_PRODUCTS_DIR; };
		F330AA5A2D05410900D3D2A3 /* WarikanUITests.xctest */ = {isa = PBXFileReference; explicitFileType = wrapper.cfbundle; includeInIndex = 0; path = WarikanUITests.xctest; sourceTree = BUILT_PRODUCTS_DIR; };
/* End PBXFileReference section */

/* Begin PBXFileSystemSynchronizedBuildFileExceptionSet section */
		F330AA622D05410900D3D2A3 /* Exceptions for "Warikan" folder in "Warikan" target */ = {
			isa = PBXFileSystemSynchronizedBuildFileExceptionSet;
			membershipExceptions = (
				Info.plist,
			);
			target = F330AA392D05410800D3D2A3 /* Warikan */;
		};
/* End PBXFileSystemSynchronizedBuildFileExceptionSet section */

/* Begin PBXFileSystemSynchronizedRootGroup section */
		F330AA3C2D05410800D3D2A3 /* Warikan */ = {
			isa = PBXFileSystemSynchronizedRootGroup;
			exceptions = (
				F330AA622D05410900D3D2A3 /* Exceptions for "Warikan" folder in "Warikan" target */,
			);
			path = Warikan;
			sourceTree = "<group>";
		};
		F330AA532D05410900D3D2A3 /* WarikanTests */ = {
			isa = PBXFileSystemSynchronizedRootGroup;
			path = WarikanTests;
			sourceTree = "<group>";
		};
		F330AA5D2D05410900D3D2A3 /* WarikanUITests */ = {
			isa = PBXFileSystemSynchronizedRootGroup;
			path = WarikanUITests;
			sourceTree = "<group>";
		};
/* End PBXFileSystemSynchronizedRootGroup section */

/* Begin PBXFrameworksBuildPhase section */
		F330AA372D05410800D3D2A3 /* Frameworks */ = {
			isa = PBXFrameworksBuildPhase;
			buildActionMask = 2147483647;
			files = (
			);
			runOnlyForDeploymentPostprocessing = 0;
		};
		F330AA4D2D05410900D3D2A3 /* Frameworks */ = {
			isa = PBXFrameworksBuildPhase;
			buildActionMask = 2147483647;
			files = (
			);
			runOnlyForDeploymentPostprocessing = 0;
		};
		F330AA572D05410900D3D2A3 /* Frameworks */ = {
			isa = PBXFrameworksBuildPhase;
			buildActionMask = 2147483647;
			files = (
			);
			runOnlyForDeploymentPostprocessing = 0;
		};
/* End PBXFrameworksBuildPhase section */

/* Begin PBXGroup section */
		F330AA312D05410800D3D2A3 = {
			isa = PBXGroup;
			children = (
				F330AA3C2D05410800D3D2A3 /* Warikan */,
				F330AA532D05410900D3D2A3 /* WarikanTests */,
				F330AA5D2D05410900D3D2A3 /* WarikanUITests */,
				F330AA3B2D05410800D3D2A3 /* Products */,
			);
			sourceTree = "<group>";
		};
		F330AA3B2D05410800D3D2A3 /* Products */ = {
			isa = PBXGroup;
			children = (
				F330AA3A2D05410800D3D2A3 /* Warikan.app */,
				F330AA502D05410900D3D2A3 /* WarikanTests.xctest */,
				F330AA5A2D05410900D3D2A3 /* WarikanUITests.xctest */,
			);
			name = Products;
			sourceTree = "<group>";
		};
/* End PBXGroup section */

/* Begin PBXNativeTarget section */
		F330AA392D05410800D3D2A3 /* Warikan */ = {
			isa = PBXNativeTarget;
			buildConfigurationList = F330AA632D05410900D3D2A3 /* Build configuration list for PBXNativeTarget "Warikan" */;
			buildPhases = (
				F330AA362D05410800D3D2A3 /* Sources */,
				F330AA372D05410800D3D2A3 /* Frameworks */,
				F330AA382D05410800D3D2A3 /* Resources */,
			);
			buildRules = (
			);
			dependencies = (
			);
			fileSystemSynchronizedGroups = (
				F330AA3C2D05410800D3D2A3 /* Warikan */,
			);
			name = Warikan;
			packageProductDependencies = (
			);
			productName = Warikan;
			productReference = F330AA3A2D05410800D3D2A3 /* Warikan.app */;
			productType = "com.apple.product-type.application";
		};
		F330AA4F2D05410900D3D2A3 /* WarikanTests */ = {
			isa = PBXNativeTarget;
			buildConfigurationList = F330AA682D05410900D3D2A3 /* Build configuration list for PBXNativeTarget "WarikanTests" */;
			buildPhases = (
				F330AA4C2D05410900D3D2A3 /* Sources */,
				F330AA4D2D05410900D3D2A3 /* Frameworks */,
				F330AA4E2D05410900D3D2A3 /* Resources */,
			);
			buildRules = (
			);
			dependencies = (
				F330AA522D05410900D3D2A3 /* PBXTargetDependency */,
			);
			fileSystemSynchronizedGroups = (
				F330AA532D05410900D3D2A3 /* WarikanTests */,
			);
			name = WarikanTests;
			packageProductDependencies = (
			);
			productName = WarikanTests;
			productReference = F330AA502D05410900D3D2A3 /* WarikanTests.xctest */;
			productType = "com.apple.product-type.bundle.unit-test";
		};
		F330AA592D05410900D3D2A3 /* WarikanUITests */ = {
			isa = PBXNativeTarget;
			buildConfigurationList = F330AA6B2D05410900D3D2A3 /* Build configuration list for PBXNativeTarget "WarikanUITests" */;
			buildPhases = (
				F330AA562D05410900D3D2A3 /* Sources */,
				F330AA572D05410900D3D2A3 /* Frameworks */,
				F330AA582D05410900D3D2A3 /* Resources */,
			);
			buildRules = (
			);
			dependencies = (
				F330AA5C2D05410900D3D2A3 /* PBXTargetDependency */,
			);
			fileSystemSynchronizedGroups = (
				F330AA5D2D05410900D3D2A3 /* WarikanUITests */,
			);
			name = WarikanUITests;
			packageProductDependencies = (
			);
			productName = WarikanUITests;
			productReference = F330AA5A2D05410900D3D2A3 /* WarikanUITests.xctest */;
			productType = "com.apple.product-type.bundle.ui-testing";
		};
/* End PBXNativeTarget section */

/* Begin PBXProject section */
		F330AA322D05410800D3D2A3 /* Project object */ = {
			isa = PBXProject;
			attributes = {
				BuildIndependentTargetsInParallel = 1;
				LastSwiftUpdateCheck = 1610;
				LastUpgradeCheck = 1610;
				TargetAttributes = {
					F330AA392D05410800D3D2A3 = {
						CreatedOnToolsVersion = 16.1;
					};
					F330AA4F2D05410900D3D2A3 = {
						CreatedOnToolsVersion = 16.1;
						TestTargetID = F330AA392D05410800D3D2A3;
					};
					F330AA592D05410900D3D2A3 = {
						CreatedOnToolsVersion = 16.1;
						TestTargetID = F330AA392D05410800D3D2A3;
					};
				};
			};
			buildConfigurationList = F330AA352D05410800D3D2A3 /* Build configuration list for PBXProject "Warikan" */;
			developmentRegion = en;
			hasScannedForEncodings = 0;
			knownRegions = (
				en,
				Base,
			);
			mainGroup = F330AA312D05410800D3D2A3;
			minimizedProjectReferenceProxies = 1;
			preferredProjectObjectVersion = 77;
			productRefGroup = F330AA3B2D05410800D3D2A3 /* Products */;
			projectDirPath = "";
			projectRoot = "";
			targets = (
				F330AA392D05410800D3D2A3 /* Warikan */,
				F330AA4F2D05410900D3D2A3 /* WarikanTests */,
				F330AA592D05410900D3D2A3 /* WarikanUITests */,
			);
		};
/* End PBXProject section */

/* Begin PBXResourcesBuildPhase section */
		F330AA382D05410800D3D2A3 /* Resources */ = {
			isa = PBXResourcesBuildPhase;
			buildActionMask = 2147483647;
			files = (
			);
			runOnlyForDeploymentPostprocessing = 0;
		};
		F330AA4E2D05410900D3D2A3 /* Resources */ = {
			isa = PBXResourcesBuildPhase;
			buildActionMask = 2147483647;
			files = (
			);
			runOnlyForDeploymentPostprocessing = 0;
		};
		F330AA582D05410900D3D2A3 /* Resources */ = {
			isa = PBXResourcesBuildPhase;
			buildActionMask = 2147483647;
			files = (
			);
			runOnlyForDeploymentPostprocessing = 0;
		};
/* End PBXResourcesBuildPhase section */

/* Begin PBXSourcesBuildPhase section */
		F330AA362D05410800D3D2A3 /* Sources */ = {
			isa = PBXSourcesBuildPhase;
			buildActionMask = 2147483647;
			files = (
			);
			runOnlyForDeploymentPostprocessing = 0;
		};
		F330AA4C2D05410900D3D2A3 /* Sources */ = {
			isa = PBXSourcesBuildPhase;
			buildActionMask = 2147483647;
			files = (
			);
			runOnlyForDeploymentPostprocessing = 0;
		};
		F330AA562D05410900D3D2A3 /* Sources */ = {
			isa = PBXSourcesBuildPhase;
			buildActionMask = 2147483647;
			files = (
			);
			runOnlyForDeploymentPostprocessing = 0;
		};
/* End PBXSourcesBuildPhase section */

/* Begin PBXTargetDependency section */
		F330AA522D05410900D3D2A3 /* PBXTargetDependency */ = {
			isa = PBXTargetDependency;
			target = F330AA392D05410800D3D2A3 /* Warikan */;
			targetProxy = F330AA512D05410900D3D2A3 /* PBXContainerItemProxy */;
		};
		F330AA5C2D05410900D3D2A3 /* PBXTargetDependency */ = {
			isa = PBXTargetDependency;
			target = F330AA392D05410800D3D2A3 /* Warikan */;
			targetProxy = F330AA5B2D05410900D3D2A3 /* PBXContainerItemProxy */;
		};
/* End PBXTargetDependency section */

/* Begin XCBuildConfiguration section */
		F330AA642D05410900D3D2A3 /* Debug */ = {
			isa = XCBuildConfiguration;
			buildSettings = {
				ASSETCATALOG_COMPILER_APPICON_NAME = AppIcon;
				ASSETCATALOG_COMPILER_GLOBAL_ACCENT_COLOR_NAME = AccentColor;
				CODE_SIGN_STYLE = Automatic;
				CURRENT_PROJECT_VERSION = 1;
				GENERATE_INFOPLIST_FILE = YES;
				INFOPLIST_FILE = Warikan/Info.plist;
				INFOPLIST_KEY_UIApplicationSupportsIndirectInputEvents = YES;
				INFOPLIST_KEY_UILaunchStoryboardName = LaunchScreen;
				INFOPLIST_KEY_UIMainStoryboardFile = Main;
				INFOPLIST_KEY_UISupportedInterfaceOrientations_iPad = "UIInterfaceOrientationPortrait UIInterfaceOrientationPortraitUpsideDown UIInterfaceOrientationLandscapeLeft UIInterfaceOrientationLandscapeRight";
				INFOPLIST_KEY_UISupportedInterfaceOrientations_iPhone = "UIInterfaceOrientationPortrait UIInterfaceOrientationLandscapeLeft UIInterfaceOrientationLandscapeRight";
				LD_RUNPATH_SEARCH_PATHS = (
					"$(inherited)",
					"@executable_path/Frameworks",
				);
				MARKETING_VERSION = 1.0;
				PRODUCT_BUNDLE_IDENTIFIER = app.Mishima.Missy.Warikan;
				PRODUCT_NAME = "$(TARGET_NAME)";
				SWIFT_EMIT_LOC_STRINGS = YES;
				SWIFT_VERSION = 5.0;
				TARGETED_DEVICE_FAMILY = "1,2";
			};
			name = Debug;
		};
		F330AA652D05410900D3D2A3 /* Release */ = {
			isa = XCBuildConfiguration;
			buildSettings = {
				ASSETCATALOG_COMPILER_APPICON_NAME = AppIcon;
				ASSETCATALOG_COMPILER_GLOBAL_ACCENT_COLOR_NAME = AccentColor;
				CODE_SIGN_STYLE = Automatic;
				CURRENT_PROJECT_VERSION = 1;
				GENERATE_INFOPLIST_FILE = YES;
				INFOPLIST_FILE = Warikan/Info.plist;
				INFOPLIST_KEY_UIApplicationSupportsIndirectInputEvents = YES;
				INFOPLIST_KEY_UILaunchStoryboardName = LaunchScreen;
				INFOPLIST_KEY_UIMainStoryboardFile = Main;
				INFOPLIST_KEY_UISupportedInterfaceOrientations_iPad = "UIInterfaceOrientationPortrait UIInterfaceOrientationPortraitUpsideDown UIInterfaceOrientationLandscapeLeft UIInterfaceOrientationLandscapeRight";
				INFOPLIST_KEY_UISupportedInterfaceOrientations_iPhone = "UIInterfaceOrientationPortrait UIInterfaceOrientationLandscapeLeft UIInterfaceOrientationLandscapeRight";
				LD_RUNPATH_SEARCH_PATHS = (
					"$(inherited)",
					"@executable_path/Frameworks",
				);
				MARKETING_VERSION = 1.0;
				PRODUCT_BUNDLE_IDENTIFIER = app.Mishima.Missy.Warikan;
				PRODUCT_NAME = "$(TARGET_NAME)";
				SWIFT_EMIT_LOC_STRINGS = YES;
				SWIFT_VERSION = 5.0;
				TARGETED_DEVICE_FAMILY = "1,2";
			};
			name = Release;
		};
		F330AA662D05410900D3D2A3 /* Debug */ = {
			isa = XCBuildConfiguration;
			buildSettings = {
				ALWAYS_SEARCH_USER_PATHS = NO;
				ASSETCATALOG_COMPILER_GENERATE_SWIFT_ASSET_SYMBOL_EXTENSIONS = YES;
				CLANG_ANALYZER_NONNULL = YES;
				CLANG_ANALYZER_NUMBER_OBJECT_CONVERSION = YES_AGGRESSIVE;
				CLANG_CXX_LANGUAGE_STANDARD = "gnu++20";
				CLANG_ENABLE_MODULES = YES;
				CLANG_ENABLE_OBJC_ARC = YES;
				CLANG_ENABLE_OBJC_WEAK = YES;
				CLANG_WARN_BLOCK_CAPTURE_AUTORELEASING = YES;
				CLANG_WARN_BOOL_CONVERSION = YES;
				CLANG_WARN_COMMA = YES;
				CLANG_WARN_CONSTANT_CONVERSION = YES;
				CLANG_WARN_DEPRECATED_OBJC_IMPLEMENTATIONS = YES;
				CLANG_WARN_DIRECT_OBJC_ISA_USAGE = YES_ERROR;
				CLANG_WARN_DOCUMENTATION_COMMENTS = YES;
				CLANG_WARN_EMPTY_BODY = YES;
				CLANG_WARN_ENUM_CONVERSION = YES;
				CLANG_WARN_INFINITE_RECURSION = YES;
				CLANG_WARN_INT_CONVERSION = YES;
				CLANG_WARN_NON_LITERAL_NULL_CONVERSION = YES;
				CLANG_WARN_OBJC_IMPLICIT_RETAIN_SELF = YES;
				CLANG_WARN_OBJC_LITERAL_CONVERSION = YES;
				CLANG_WARN_OBJC_ROOT_CLASS = YES_ERROR;
				CLANG_WARN_QUOTED_INCLUDE_IN_FRAMEWORK_HEADER = YES;
				CLANG_WARN_RANGE_LOOP_ANALYSIS = YES;
				CLANG_WARN_STRICT_PROTOTYPES = YES;
				CLANG_WARN_SUSPICIOUS_MOVE = YES;
				CLANG_WARN_UNGUARDED_AVAILABILITY = YES_AGGRESSIVE;
				CLANG_WARN_UNREACHABLE_CODE = YES;
				CLANG_WARN__DUPLICATE_METHOD_MATCH = YES;
				COPY_PHASE_STRIP = NO;
				DEBUG_INFORMATION_FORMAT = dwarf;
				ENABLE_STRICT_OBJC_MSGSEND = YES;
				ENABLE_TESTABILITY = YES;
				ENABLE_USER_SCRIPT_SANDBOXING = YES;
				GCC_C_LANGUAGE_STANDARD = gnu17;
				GCC_DYNAMIC_NO_PIC = NO;
				GCC_NO_COMMON_BLOCKS = YES;
				GCC_OPTIMIZATION_LEVEL = 0;
				GCC_PREPROCESSOR_DEFINITIONS = (
					"DEBUG=1",
					"$(inherited)",
				);
				GCC_WARN_64_TO_32_BIT_CONVERSION = YES;
				GCC_WARN_ABOUT_RETURN_TYPE = YES_ERROR;
				GCC_WARN_UNDECLARED_SELECTOR = YES;
				GCC_WARN_UNINITIALIZED_AUTOS = YES_AGGRESSIVE;
				GCC_WARN_UNUSED_FUNCTION = YES;
				GCC_WARN_UNUSED_VARIABLE = YES;
				IPHONEOS_DEPLOYMENT_TARGET = 18.1;
				LOCALIZATION_PREFERS_STRING_CATALOGS = YES;
				MTL_ENABLE_DEBUG_INFO = INCLUDE_SOURCE;
				MTL_FAST_MATH = YES;
				ONLY_ACTIVE_ARCH = YES;
				SDKROOT = iphoneos;
				SWIFT_ACTIVE_COMPILATION_CONDITIONS = "DEBUG $(inherited)";
				SWIFT_OPTIMIZATION_LEVEL = "-Onone";
			};
			name = Debug;
		};
		F330AA672D05410900D3D2A3 /* Release */ = {
			isa = XCBuildConfiguration;
			buildSettings = {
				ALWAYS_SEARCH_USER_PATHS = NO;
				ASSETCATALOG_COMPILER_GENERATE_SWIFT_ASSET_SYMBOL_EXTENSIONS = YES;
				CLANG_ANALYZER_NONNULL = YES;
				CLANG_ANALYZER_NUMBER_OBJECT_CONVERSION = YES_AGGRESSIVE;
				CLANG_CXX_LANGUAGE_STANDARD = "gnu++20";
				CLANG_ENABLE_MODULES = YES;
				CLANG_ENABLE_OBJC_ARC = YES;
				CLANG_ENABLE_OBJC_WEAK = YES;
				CLANG_WARN_BLOCK_CAPTURE_AUTORELEASING = YES;
				CLANG_WARN_BOOL_CONVERSION = YES;
				CLANG_WARN_COMMA = YES;
				CLANG_WARN_CONSTANT_CONVERSION = YES;
				CLANG_WARN_DEPRECATED_OBJC_IMPLEMENTATIONS = YES;
				CLANG_WARN_DIRECT_OBJC_ISA_USAGE = YES_ERROR;
				CLANG_WARN_DOCUMENTATION_COMMENTS = YES;
				CLANG_WARN_EMPTY_BODY = YES;
				CLANG_WARN_ENUM_CONVERSION = YES;
				CLANG_WARN_INFINITE_RECURSION = YES;
				CLANG_WARN_INT_CONVERSION = YES;
				CLANG_WARN_NON_LITERAL_NULL_CONVERSION = YES;
				CLANG_WARN_OBJC_IMPLICIT_RETAIN_SELF = YES;
				CLANG_WARN_OBJC_LITERAL_CONVERSION = YES;
				CLANG_WARN_OBJC_ROOT_CLASS = YES_ERROR;
				CLANG_WARN_QUOTED_INCLUDE_IN_FRAMEWORK_HEADER = YES;
				CLANG_WARN_RANGE_LOOP_ANALYSIS = YES;
				CLANG_WARN_STRICT_PROTOTYPES = YES;
				CLANG_WARN_SUSPICIOUS_MOVE = YES;
				CLANG_WARN_UNGUARDED_AVAILABILITY = YES_AGGRESSIVE;
				CLANG_WARN_UNREACHABLE_CODE = YES;
				CLANG_WARN__DUPLICATE_METHOD_MATCH = YES;
				COPY_PHASE_STRIP = NO;
				DEBUG_INFORMATION_FORMAT = "dwarf-with-dsym";
				ENABLE_NS_ASSERTIONS = NO;
				ENABLE_STRICT_OBJC_MSGSEND = YES;
				ENABLE_USER_SCRIPT_SANDBOXING = YES;
				GCC_C_LANGUAGE_STANDARD = gnu17;
				GCC_NO_COMMON_BLOCKS = YES;
				GCC_WARN_64_TO_32_BIT_CONVERSION = YES;
				GCC_WARN_ABOUT_RETURN_TYPE = YES_ERROR;
				GCC_WARN_UNDECLARED_SELECTOR = YES;
				GCC_WARN_UNINITIALIZED_AUTOS = YES_AGGRESSIVE;
				GCC_WARN_UNUSED_FUNCTION = YES;
				GCC_WARN_UNUSED_VARIABLE = YES;
				IPHONEOS_DEPLOYMENT_TARGET = 18.1;
				LOCALIZATION_PREFERS_STRING_CATALOGS = YES;
				MTL_ENABLE_DEBUG_INFO = NO;
				MTL_FAST_MATH = YES;
				SDKROOT = iphoneos;
				SWIFT_COMPILATION_MODE = wholemodule;
				VALIDATE_PRODUCT = YES;
			};
			name = Release;
		};
		F330AA692D05410900D3D2A3 /* Debug */ = {
			isa = XCBuildConfiguration;
			buildSettings = {
				BUNDLE_LOADER = "$(TEST_HOST)";
				CODE_SIGN_STYLE = Automatic;
				CURRENT_PROJECT_VERSION = 1;
				GENERATE_INFOPLIST_FILE = YES;
				IPHONEOS_DEPLOYMENT_TARGET = 18.1;
				MARKETING_VERSION = 1.0;
				PRODUCT_BUNDLE_IDENTIFIER = app.Mishima.Missy.WarikanTests;
				PRODUCT_NAME = "$(TARGET_NAME)";
				SWIFT_EMIT_LOC_STRINGS = NO;
				SWIFT_VERSION = 5.0;
				TARGETED_DEVICE_FAMILY = "1,2";
				TEST_HOST = "$(BUILT_PRODUCTS_DIR)/Warikan.app/$(BUNDLE_EXECUTABLE_FOLDER_PATH)/Warikan";
			};
			name = Debug;
		};
		F330AA6A2D05410900D3D2A3 /* Release */ = {
			isa = XCBuildConfiguration;
			buildSettings = {
				BUNDLE_LOADER = "$(TEST_HOST)";
				CODE_SIGN_STYLE = Automatic;
				CURRENT_PROJECT_VERSION = 1;
				GENERATE_INFOPLIST_FILE = YES;
				IPHONEOS_DEPLOYMENT_TARGET = 18.1;
				MARKETING_VERSION = 1.0;
				PRODUCT_BUNDLE_IDENTIFIER = app.Mishima.Missy.WarikanTests;
				PRODUCT_NAME = "$(TARGET_NAME)";
				SWIFT_EMIT_LOC_STRINGS = NO;
				SWIFT_VERSION = 5.0;
				TARGETED_DEVICE_FAMILY = "1,2";
				TEST_HOST = "$(BUILT_PRODUCTS_DIR)/Warikan.app/$(BUNDLE_EXECUTABLE_FOLDER_PATH)/Warikan";
			};
			name = Release;
		};
		F330AA6C2D05410900D3D2A3 /* Debug */ = {
			isa = XCBuildConfiguration;
			buildSettings = {
				CODE_SIGN_STYLE = Automatic;
				CURRENT_PROJECT_VERSION = 1;
				GENERATE_INFOPLIST_FILE = YES;
				MARKETING_VERSION = 1.0;
				PRODUCT_BUNDLE_IDENTIFIER = app.Mishima.Missy.WarikanUITests;
				PRODUCT_NAME = "$(TARGET_NAME)";
				SWIFT_EMIT_LOC_STRINGS = NO;
				SWIFT_VERSION = 5.0;
				TARGETED_DEVICE_FAMILY = "1,2";
				TEST_TARGET_NAME = Warikan;
			};
			name = Debug;
		};
		F330AA6D2D05410900D3D2A3 /* Release */ = {
			isa = XCBuildConfiguration;
			buildSettings = {
				CODE_SIGN_STYLE = Automatic;
				CURRENT_PROJECT_VERSION = 1;
				GENERATE_INFOPLIST_FILE = YES;
				MARKETING_VERSION = 1.0;
				PRODUCT_BUNDLE_IDENTIFIER = app.Mishima.Missy.WarikanUITests;
				PRODUCT_NAME = "$(TARGET_NAME)";
				SWIFT_EMIT_LOC_STRINGS = NO;
				SWIFT_VERSION = 5.0;
				TARGETED_DEVICE_FAMILY = "1,2";
				TEST_TARGET_NAME = Warikan;
			};
			name = Release;
		};
/* End XCBuildConfiguration section */

/* Begin XCConfigurationList section */
		F330AA352D05410800D3D2A3 /* Build configuration list for PBXProject "Warikan" */ = {
			isa = XCConfigurationList;
			buildConfigurations = (
				F330AA662D05410900D3D2A3 /* Debug */,
				F330AA672D05410900D3D2A3 /* Release */,
			);
			defaultConfigurationIsVisible = 0;
			defaultConfigurationName = Release;
		};
		F330AA632D05410900D3D2A3 /* Build configuration list for PBXNativeTarget "Warikan" */ = {
			isa = XCConfigurationList;
			buildConfigurations = (
				F330AA642D05410900D3D2A3 /* Debug */,
				F330AA652D05410900D3D2A3 /* Release */,
			);
			defaultConfigurationIsVisible = 0;
			defaultConfigurationName = Release;
		};
		F330AA682D05410900D3D2A3 /* Build configuration list for PBXNativeTarget "WarikanTests" */ = {
			isa = XCConfigurationList;
			buildConfigurations = (
				F330AA692D05410900D3D2A3 /* Debug */,
				F330AA6A2D05410900D3D2A3 /* Release */,
			);
			defaultConfigurationIsVisible = 0;
			defaultConfigurationName = Release;
		};
		F330AA6B2D05410900D3D2A3 /* Build configuration list for PBXNativeTarget "WarikanUITests" */ = {
			isa = XCConfigurationList;
			buildConfigurations = (
				F330AA6C2D05410900D3D2A3 /* Debug */,
				F330AA6D2D05410900D3D2A3 /* Release */,
			);
			defaultConfigurationIsVisible = 0;
			defaultConfigurationName = Release;
		};
/* End XCConfigurationList section */
	};
	rootObject = F330AA322D05410800D3D2A3 /* Project object */;
}
